
Microsoft Visual Studio Solution File, Format Version 12.00
# Visual Studio Version 17
VisualStudioVersion = 17.5.002.0
MinimumVisualStudioVersion = 10.0.40219.1
Project("{9A19103F-16F7-4668-BE54-9A1E7A4F7556}") = "LFU", "LFU\LFU.csproj", "{6BF05270-BD2D-4C16-A34F-4A82D121B72F}"
EndProject
Project("{FAE04EC0-301F-11D3-BF4B-00C04F79EFBC}") = "LFU.Tests", "LFU.Tests\LFU.Tests.csproj", "{08087412-A93C-4981-8568-99BC20CDEA43}"
EndProject
Global
	GlobalSection(SolutionConfigurationPlatforms) = preSolution
		Debug|Any CPU = Debug|Any CPU
		Release|Any CPU = Release|Any CPU
	EndGlobalSection
	GlobalSection(ProjectConfigurationPlatforms) = postSolution
		{6BF05270-BD2D-4C16-A34F-4A82D121B72F}.Debug|Any CPU.ActiveCfg = Debug|Any CPU
		{6BF05270-BD2D-4C16-A34F-4A82D121B72F}.Debug|Any CPU.Build.0 = Debug|Any CPU
		{6BF05270-BD2D-4C16-A34F-4A82D121B72F}.Release|Any CPU.ActiveCfg = Release|Any CPU
		{6BF05270-BD2D-4C16-A34F-4A82D121B72F}.Release|Any CPU.Build.0 = Release|Any CPU
		{08087412-A93C-4981-8568-99BC20CDEA43}.Debug|Any CPU.ActiveCfg = Debug|Any CPU
		{08087412-A93C-4981-8568-99BC20CDEA43}.Debug|Any CPU.Build.0 = Debug|Any CPU
		{08087412-A93C-4981-8568-99BC20CDEA43}.Release|Any CPU.ActiveCfg = Release|Any CPU
		{08087412-A93C-4981-8568-99BC20CDEA43}.Release|Any CPU.Build.0 = Release|Any CPU
	EndGlobalSection
	GlobalSection(SolutionProperties) = preSolution
		HideSolutionNode = FALSE
	EndGlobalSection
	GlobalSection(ExtensibilityGlobals) = postSolution
		SolutionGuid = {DD74198A-65F4-4C81-958D-DBF6726BF25F}
	EndGlobalSection
EndGlobal
